
Microsoft Visual Studio Solution File, Format Version 12.00
# Visual Studio Version 16
VisualStudioVersion = 16.0.30611.23
MinimumVisualStudioVersion = 10.0.40219.1
Project("{FAE04EC0-301F-11D3-BF4B-00C04F79EFBC}") = "Day04-Snake and Ladder", "Day04-Snake and Ladder\Day04-Snake and Ladder.csproj", "{0B70845E-5EC0-41E5-9747-D5FEF4D2CF1D}"
EndProject
Global
	GlobalSection(SolutionConfigurationPlatforms) = preSolution
		Debug|Any CPU = Debug|Any CPU
		Release|Any CPU = Release|Any CPU
	EndGlobalSection
	GlobalSection(ProjectConfigurationPlatforms) = postSolution
		{0B70845E-5EC0-41E5-9747-D5FEF4D2CF1D}.Debug|Any CPU.ActiveCfg = Debug|Any CPU
		{0B70845E-5EC0-41E5-9747-D5FEF4D2CF1D}.Debug|Any CPU.Build.0 = Debug|Any CPU
		{0B70845E-5EC0-41E5-9747-D5FEF4D2CF1D}.Release|Any CPU.ActiveCfg = Release|Any CPU
		{0B70845E-5EC0-41E5-9747-D5FEF4D2CF1D}.Release|Any CPU.Build.0 = Release|Any CPU
	EndGlobalSection
	GlobalSection(SolutionProperties) = preSolution
		HideSolutionNode = FALSE
	EndGlobalSection
	GlobalSection(ExtensibilityGlobals) = postSolution
		SolutionGuid = {8B7A34C0-4310-4436-87FF-7FFD311C3082}
	EndGlobalSection
EndGlobal
